version = 1
revision = 5
requires-python = "==3.12.*"

[[package]]
name = "cffi"
version = "2.1.1"
source = { registry = "https://pypi.org/simple" }
dependencies = [
    { name = "pycparser", marker = "implementation_name != 'PyPy'" },
]
sdist = { url = "https://files.pythonhosted.org/packages/9e/ef/008a1939e372c06329a3fce4279c02f328488f3526744906eeec3da7ad5f/cffi-2.1.1.tar.gz", hash = "sha256:dd31f52ea1086513bb9df30f8fcee9b8918323ae067a3d5b78bc826a000712be", size = 530807, upload-time = "2026-08-03T21:21:18.939Z" }
wheels = [
    { url = "https://files.pythonhosted.org/packages/10/69/43965eccfdead3b9220015fd1320e117be8c6ed01a62ffab76eeb752f5d5/cffi-2.1.1-cp312-cp312-macosx_10_15_x86_64.whl", hash = "sha256:c8c69575568085ba0b1b10c0249d779a214aea6f6522e949a0fc9fb0fcb449d0", size = 184821, upload-time = "2026-08-03T21:19:44.887Z" },
    { url = "https://files.pythonhosted.org/packages/54/7d/16e5a096677b5e313ca80cd5e5170efa3ea44624a82bb111925522da64b1/cffi-2.1.1-cp312-cp312-macosx_11_0_arm64.whl", hash = "sha256:f81b3b8f3d4e343550fa4baa0e479bba9f2d29ce9c2e9b51d1ce1718d7442fcf", size = 184719, upload-time = "2026-08-03T21:19:46.129Z" },
    { url = "https://files.pythonhosted.org/packages/56/e6/8941622732edec876dd17d0453dce07317ae96db34f2ec1436c9d3785986/cffi-2.1.1-cp312-cp312-manylinux1_i686.manylinux2014_i686.manylinux_2_17_i686.manylinux_2_5_i686.whl", hash = "sha256:811bd1e21d32de12efca32393a0ab3f5133b54fce9bd44b8bd77ab07da14bf6a", size = 214799, upload-time = "2026-08-03T21:19:47.218Z" },
    { url = "https://files.pythonhosted.org/packages/44/de/f98430906df1545ffde0d543dd124a7a439bc2cd32b36b9c53f805df7333/cffi-2.1.1-cp312-cp312-manylinux2014_aarch64.manylinux_2_17_aarch64.whl", hash = "sha256:68e62fe11f30d5ca8289242866f0a5291402d8529ca2178ab8afc5c9694ae890", size = 222389, upload-time = "2026-08-03T21:19:48.331Z" },
    { url = "https://files.pythonhosted.org/packages/6a/5b/717f1526b9957b34456313c31645c5b82b8fb5c3fe9e4752999be7128bfc/cffi-2.1.1-cp312-cp312-manylinux2014_ppc64le.manylinux_2_17_ppc64le.whl", hash = "sha256:4a7c934f7360e8cd64fe9efadcbd10c7c6364f531e432b9a4bf5ccbc9e0e8b50", size = 210249, upload-time = "2026-08-03T21:19:49.543Z" },
    { url = "https://files.pythonhosted.org/packages/64/b3/f8aa4f3e34986c7e4ec45072d1b1b9dd295b6b18007b45518d79726dd725/cffi-2.1.1-cp312-cp312-manylinux2014_s390x.manylinux_2_17_s390x.whl", hash = "sha256:3143d81e29e1e20a9ce10901ec369012947876596f75a222235965f2b7ae832e", size = 208775, upload-time = "2026-08-03T21:19:50.918Z" },
    { url = "https://files.pythonhosted.org/packages/b1/db/dceb9dd5b231e1da801793f8acc9f3c52a7e1afe40bb1aae37e02b0faad5/cffi-2.1.1-cp312-cp312-manylinux2014_x86_64.manylinux_2_17_x86_64.whl", hash = "sha256:c1453022f490d2459a11819d83ad1d586e9ff65a12ac3e705ffebd46d3685dcf", size = 221822, upload-time = "2026-08-03T21:19:52.054Z" },
    { url = "https://files.pythonhosted.org/packages/a0/d2/6cd24ae3be000a634109c247d1475d62e5616d0dc78c82770942ec384248/cffi-2.1.1-cp312-cp312-musllinux_1_2_aarch64.whl", hash = "sha256:208f941bb9d18e768138677f0a6d2ce01f590df56043dda1df1535ac57c88517", size = 225232, upload-time = "2026-08-03T21:19:53.109Z" },
    { url = "https://files.pythonhosted.org/packages/cb/52/3fa190537004dd7f0ab860a6dc7c0175b8667f68d1e618a46f5498d30250/cffi-2.1.1-cp312-cp312-musllinux_1_2_x86_64.whl", hash = "sha256:210019b6c7cf07f081b4c54635c8cf744377001350e29cc0f81c4377b4797735", size = 223597, upload-time = "2026-08-03T21:19:54.515Z" },
    { url = "https://files.pythonhosted.org/packages/80/fb/0bb75b7039588c074b37ae99f40d9bfddf990ecb2fbc346ebccd2e56b9be/cffi-2.1.1-cp312-cp312-win32.whl", hash = "sha256:046bfc24911b37851ee1b51aab8bffe713d89c68c6a057b09484ce9fd5f69b4e", size = 175292, upload-time = "2026-08-03T21:19:55.566Z" },
    { url = "https://files.pythonhosted.org/packages/d9/79/615cc094e2fb508cade7de88d3b4f6c4ec2bab695c97bce9153dc65aadf5/cffi-2.1.1-cp312-cp312-win_amd64.whl", hash = "sha256:f53e442b08449d42821fa4a4fba000095af9f62742a500f978a9f557ec44339a", size = 185919, upload-time = "2026-08-03T21:19:56.89Z" },
    { url = "https://files.pythonhosted.org/packages/70/c6/d0ea84713fe46b243a436a18fcd47d639732747e21635c8a27191b06dc30/cffi-2.1.1-cp312-cp312-win_arm64.whl", hash = "sha256:7bde5e4cc5c10140859842b9d383af292b22639a4dffb725314baf45968cef80", size = 180093, upload-time = "2026-08-03T21:19:58.155Z" },
]

[[package]]
name = "noedaeri-stt-runtime"
version = "0.1.0"
source = { virtual = "." }
dependencies = [
    { name = "numpy" },
    { name = "sherpa-onnx" },
    { name = "sherpa-onnx-core" },
    { name = "soundfile" },
]

[package.metadata]
requires-dist = [
    { name = "numpy", specifier = "==2.4.4" },
    { name = "sherpa-onnx", specifier = "==1.13.8" },
    { name = "sherpa-onnx-core", specifier = "==1.13.8" },
    { name = "soundfile", specifier = "==0.13.1" },
]

[[package]]
name = "numpy"
version = "2.4.4"
source = { registry = "https://pypi.org/simple" }
sdist = { url = "https://files.pythonhosted.org/packages/d7/9f/b8cef5bffa569759033adda9481211426f12f53299629b410340795c2514/numpy-2.4.4.tar.gz", hash = "sha256:2d390634c5182175533585cc89f3608a4682ccb173cc9bb940b2881c8d6f8fa0", size = 20731587, upload-time = "2026-03-29T13:22:01.298Z" }
wheels = [
    { url = "https://files.pythonhosted.org/packages/28/05/32396bec30fb2263770ee910142f49c1476d08e8ad41abf8403806b520ce/numpy-2.4.4-cp312-cp312-macosx_10_13_x86_64.whl", hash = "sha256:15716cfef24d3a9762e3acdf87e27f58dc823d1348f765bbea6bef8c639bfa1b", size = 16689272, upload-time = "2026-03-29T13:18:49.223Z" },
    { url = "https://files.pythonhosted.org/packages/c5/f3/a983d28637bfcd763a9c7aafdb6d5c0ebf3d487d1e1459ffdb57e2f01117/numpy-2.4.4-cp312-cp312-macosx_11_0_arm64.whl", hash = "sha256:23cbfd4c17357c81021f21540da84ee282b9c8fba38a03b7b9d09ba6b951421e", size = 14699573, upload-time = "2026-03-29T13:18:52.629Z" },
    { url = "https://files.pythonhosted.org/packages/9b/fd/e5ecca1e78c05106d98028114f5c00d3eddb41207686b2b7de3e477b0e22/numpy-2.4.4-cp312-cp312-macosx_14_0_arm64.whl", hash = "sha256:8b3b60bb7cba2c8c81837661c488637eee696f59a877788a396d33150c35d842", size = 5204782, upload-time = "2026-03-29T13:18:55.579Z" },
    { url = "https://files.pythonhosted.org/packages/de/2f/702a4594413c1a8632092beae8aba00f1d67947389369b3777aed783fdca/numpy-2.4.4-cp312-cp312-macosx_14_0_x86_64.whl", hash = "sha256:e4a010c27ff6f210ff4c6ef34394cd61470d01014439b192ec22552ee867f2a8", size = 6552038, upload-time = "2026-03-29T13:18:57.769Z" },
    { url = "https://files.pythonhosted.org/packages/7f/37/eed308a8f56cba4d1fdf467a4fc67ef4ff4bf1c888f5fc980481890104b1/numpy-2.4.4-cp312-cp312-manylinux_2_27_aarch64.manylinux_2_28_aarch64.whl", hash = "sha256:f9e75681b59ddaa5e659898085ae0eaea229d054f2ac0c7e563a62205a700121", size = 15670666, upload-time = "2026-03-29T13:19:00.341Z" },
    { url = "https://files.pythonhosted.org/packages/0a/0d/0e3ecece05b7a7e87ab9fb587855548da437a061326fff64a223b6dcb78a/numpy-2.4.4-cp312-cp312-manylinux_2_27_x86_64.manylinux_2_28_x86_64.whl", hash = "sha256:81f4a14bee47aec54f883e0cad2d73986640c1590eb9bfaaba7ad17394481e6e", size = 16645480, upload-time = "2026-03-29T13:19:03.63Z" },
    { url = "https://files.pythonhosted.org/packages/34/49/f2312c154b82a286758ee2f1743336d50651f8b5195db18cdb63675ff649/numpy-2.4.4-cp312-cp312-musllinux_1_2_aarch64.whl", hash = "sha256:62d6b0f03b694173f9fcb1fb317f7222fd0b0b103e784c6549f5e53a27718c44", size = 17020036, upload-time = "2026-03-29T13:19:07.428Z" },
    { url = "https://files.pythonhosted.org/packages/7b/e9/736d17bd77f1b0ec4f9901aaec129c00d59f5d84d5e79bba540ef12c2330/numpy-2.4.4-cp312-cp312-musllinux_1_2_x86_64.whl", hash = "sha256:fbc356aae7adf9e6336d336b9c8111d390a05df88f1805573ebb0807bd06fd1d", size = 18368643, upload-time = "2026-03-29T13:19:10.775Z" },
    { url = "https://files.pythonhosted.org/packages/63/f6/d417977c5f519b17c8a5c3bc9e8304b0908b0e21136fe43bf628a1343914/numpy-2.4.4-cp312-cp312-win32.whl", hash = "sha256:0d35aea54ad1d420c812bfa0385c71cd7cc5bcf7c65fed95fc2cd02fe8c79827", size = 5961117, upload-time = "2026-03-29T13:19:13.464Z" },
    { url = "https://files.pythonhosted.org/packages/2d/5b/e1deebf88ff431b01b7406ca3583ab2bbb90972bbe1c568732e49c844f7e/numpy-2.4.4-cp312-cp312-win_amd64.whl", hash = "sha256:b5f0362dc928a6ecd9db58868fca5e48485205e3855957bdedea308f8672ea4a", size = 12320584, upload-time = "2026-03-29T13:19:16.155Z" },
    { url = "https://files.pythonhosted.org/packages/58/89/e4e856ac82a68c3ed64486a544977d0e7bdd18b8da75b78a577ca31c4395/numpy-2.4.4-cp312-cp312-win_arm64.whl", hash = "sha256:846300f379b5b12cc769334464656bc882e0735d27d9726568bc932fdc49d5ec", size = 10221450, upload-time = "2026-03-29T13:19:18.994Z" },
]

[[package]]
name = "pycparser"
version = "3.1"
source = { registry = "https://pypi.org/simple" }
sdist = { url = "https://files.pythonhosted.org/packages/ac/d3/eb1d3bc30dda12f7e69640ae2ac8cb10240b71fb73024ad528b7d2ae73da/pycparser-3.1.tar.gz", hash = "sha256:b3fc6dec06a8b2fefa0ed4ff92285306a5e3be9987bc5603c9edbdc4e492418f", size = 105946, upload-time = "2026-10-08T12:26:34.349Z" }
wheels = [
    { url = "https://files.pythonhosted.org/packages/99/ce/b3ae9ee0324d991c860187be2a6ee436d27a3d02397eaddbb101ec901f3d/pycparser-3.1-py3-none-any.whl", hash = "sha256:f09d358c840bd147b79e55f2bc494f18ea869dc897f5852a8f5766b74f787882", size = 48709, upload-time = "2026-10-08T12:26:32.97Z" },
]

[[package]]
name = "sherpa-onnx"
version = "1.13.8"
source = { registry = "https://pypi.org/simple" }
sdist = { url = "https://files.pythonhosted.org/packages/f9/5d/9c19acbe7eebd09cee4b69408532f44dc09e71b6025518ed7dd9c0509d6d/sherpa_onnx-1.13.8.tar.gz", hash = "sha256:68e638f745df120a7fae268b7bae0eaab2362b5ad76fe3389bece1d3cd63272c", size = 1057541, upload-time = "2026-09-10T15:05:43.696Z" }
wheels = [
    { url = "https://files.pythonhosted.org/packages/e0/74/f88231aa67e7713b2509da3aa53756b9c85f42fc7a3abe3a4b825e2974bc/sherpa_onnx-1.13.8-cp312-cp312-linux_armv7l.whl", hash = "sha256:6e50efbe69ff07f8b62d2d01f9d7f6e5854033be4b8d940fe9b575e873b22584", size = 12230846, upload-time = "2026-09-10T16:56:15.576Z" },
    { url = "https://files.pythonhosted.org/packages/a0/35/ed6cc5d2e29f29c9778975bec44ac5e8069e1a3528f7ff1306cbdcdab585/sherpa_onnx-1.13.8-cp312-cp312-macosx_10_15_universal2.whl", hash = "sha256:17ff957b1b33849671262ddbac51815a5a82286f963091bddf85540c9e728c12", size = 4457476, upload-time = "2026-09-10T15:45:38.598Z" },
    { url = "https://files.pythonhosted.org/packages/36/e6/a19257d7c60bf04c07f8d0772b943b6596b6b10cfb0694b7794d36630d40/sherpa_onnx-1.13.8-cp312-cp312-macosx_10_15_x86_64.whl", hash = "sha256:ef218d6545a9dcc2aff7043f39026c7d78d6cf46a3876d450d508feebffc00a9", size = 2350796, upload-time = "2026-09-10T14:23:58.591Z" },
    { url = "https://files.pythonhosted.org/packages/78/6e/8d9b92e95896ec500084e706529f5637eff797246e74c498922f6aa13a53/sherpa_onnx-1.13.8-cp312-cp312-macosx_11_0_arm64.whl", hash = "sha256:04b9268c348e9f4bd61315754ad06b02a3c185d3d7770acd8e2dcee9c2e039f9", size = 2146858, upload-time = "2026-09-10T14:49:23.355Z" },
    { url = "https://files.pythonhosted.org/packages/1f/5f/22e1571146b2c0b581657562d5919b69da13ed93dc70049f42d45fe9e84c/sherpa_onnx-1.13.8-cp312-cp312-manylinux2014_aarch64.manylinux_2_17_aarch64.whl", hash = "sha256:2520b1e7b779a29a493a8cec893612218dfad7304786bf3f64df2ff7ac6c3302", size = 4176945, upload-time = "2026-09-10T15:21:43.965Z" },
    { url = "https://files.pythonhosted.org/packages/13/78/2f712b7408ddbb64614c20388912414705b728516224e737b63f2adec94a/sherpa_onnx-1.13.8-cp312-cp312-manylinux2014_x86_64.manylinux_2_17_x86_64.whl", hash = "sha256:6949773017647febc0c3696dffb2c67dd3febd4737b87e3dd135a42773704a06", size = 4400575, upload-time = "2026-09-10T14:49:42.265Z" },
    { url = "https://files.pythonhosted.org/packages/39/62/a6cc995ea40fd88a14b5d312d7b86b49ab65213e501f15fabe00cf79e1e5/sherpa_onnx-1.13.8-cp312-cp312-win32.whl", hash = "sha256:90e0c7b16fe6be32361dc3f6d2a66e8f74e8085079e91da1bee1acea772b769d", size = 1965883, upload-time = "2026-09-10T15:11:47.827Z" },
    { url = "https://files.pythonhosted.org/packages/24/af/33e9dcaa527bbc0c2526959713626607a46da2d7b19871b7773d8607d356/sherpa_onnx-1.13.8-cp312-cp312-win_amd64.whl", hash = "sha256:566e49ad3fb2aa8ceb723a52f9809aa6c2ee0a5eb3b0946c3fd2374af807a5c6", size = 2287856, upload-time = "2026-09-10T15:39:28.995Z" },
    { url = "https://files.pythonhosted.org/packages/ea/0e/237f9baaa3da5c029a06803a7587d4717ec191284d6f3972c679683ad6d8/sherpa_onnx-1.13.8-cp312-cp312-win_arm64.whl", hash = "sha256:1613f14db38b6936098c660f610baee95541378edbdec39a973a591d8df58f5b", size = 2249666, upload-time = "2026-09-10T14:54:55.475Z" },
]

[[package]]
name = "sherpa-onnx-core"
version = "1.13.8"
source = { registry = "https://pypi.org/simple" }
wheels = [
    { url = "https://files.pythonhosted.org/packages/81/bd/20952589f89451094a48935a8098dbf36eb252335f7023662c9bd2123c1c/sherpa_onnx_core-1.13.8-py3-none-android_24_arm64_v8a.whl", hash = "sha256:6bbde45a9f2efcc8647429cbb8e06718bfd4c2a55f831eb5482ffb5ab227af07", size = 9996193, upload-time = "2026-09-10T14:04:15.273Z" },
    { url = "https://files.pythonhosted.org/packages/4b/95/5390b364fcfd6ee543721f5676757259b79a978efda785d6031c51abaab9/sherpa_onnx_core-1.13.8-py3-none-android_24_armeabi_v7a.whl", hash = "sha256:19d2a6a649d3680a06c63a1a7d9121ec29f0a24552febc2c9c795739fccb901d", size = 9331932, upload-time = "2026-09-10T14:04:25.681Z" },
    { url = "https://files.pythonhosted.org/packages/a6/80/128e7e5721d7a1e8538319a624feecfd358d27ccdb7396ef01f246e28961/sherpa_onnx_core-1.13.8-py3-none-android_24_x86.whl", hash = "sha256:a48778c45300c87bd528770da9426696a338b17621ce50963aa9b4c7337f4a67", size = 11352266, upload-time = "2026-09-10T14:10:48.218Z" },
    { url = "https://files.pythonhosted.org/packages/be/56/85f4f0830a34e44ff09490db07fddc971dad718b0379ac493f4e615e5ee1/sherpa_onnx_core-1.13.8-py3-none-android_24_x86_64.whl", hash = "sha256:8ac9a05109105cd263ca16f09ffc7ec077979c95ddf185ff3d62b83dd929ce29", size = 11133563, upload-time = "2026-09-10T14:35:13.398Z" },
    { url = "https://files.pythonhosted.org/packages/86/9d/3df22f9c151f4158c99cb38c2bf75cb864c9306316f16870b58ab0252dc7/sherpa_onnx_core-1.13.8-py3-none-macosx_10_15_universal2.whl", hash = "sha256:b279ad024b37f2999834abc5583fe9e70df0fb3f37c20a2d1e76e75ad2ccb1a1", size = 20398884, upload-time = "2026-09-10T14:25:35.095Z" },
    { url = "https://files.pythonhosted.org/packages/17/2d/98e309811cff9fec48ae48a051b4caab44046755f6bc58daab0c475f40cb/sherpa_onnx_core-1.13.8-py3-none-macosx_10_15_x86_64.whl", hash = "sha256:917422880287baa0f0ae1bd10d9528fa78af8cc7c233d2a953a185a4fe8d83f2", size = 10878335, upload-time = "2026-09-10T14:05:06.488Z" },
    { url = "https://files.pythonhosted.org/packages/8c/2a/2a47b423fe009bbbcb6d7eed7bcba755d6f9ae923b5664c7208128c32d06/sherpa_onnx_core-1.13.8-py3-none-macosx_11_0_arm64.whl", hash = "sha256:9312bbd46c93e31cecd3abda9cc8e71881d86cc3da3c35c7445ab04025b9fc3e", size = 9552498, upload-time = "2026-09-10T14:20:49.971Z" },
    { url = "https://files.pythonhosted.org/packages/9c/72/02227b14cd3fb3d504a8814ad144ed321a53331948c893821e02f4abb1d7/sherpa_onnx_core-1.13.8-py3-none-manylinux2014_aarch64.whl", hash = "sha256:a51a03d55c376c32e15dd63ea852236042ba91a5cd73e253bbf7cf21f6582ba9", size = 13353426, upload-time = "2026-09-10T14:04:50.344Z" },
    { url = "https://files.pythonhosted.org/packages/b6/ca/e27c1fb5c54b181d4a5450f3d5c789d9da02eb42dc9b20cfdab5dda4c864/sherpa_onnx_core-1.13.8-py3-none-manylinux2014_x86_64.whl", hash = "sha256:4da90acf435373d7b2ba9cc0be806e7e274d28f63f5780880b5dea6721626e36", size = 10642497, upload-time = "2026-09-10T14:33:21.435Z" },
    { url = "https://files.pythonhosted.org/packages/1c/e1/98b4cc1ebcb1345af440bdef50c23ae4a34c1308167c7a793d5098c13e6d/sherpa_onnx_core-1.13.8-py3-none-manylinux_2_35_armv7l.whl", hash = "sha256:2d875f5de5856e30f54917222463ddac9fcdfd4191c188b6f0e7f7c04482afa4", size = 10143758, upload-time = "2026-09-10T15:58:46.203Z" },
    { url = "https://files.pythonhosted.org/packages/de/7d/e5a1de0269ed3d646f430beb1156f17b39899a1cae612dcf6e29a2867248/sherpa_onnx_core-1.13.8-py3-none-win32.whl", hash = "sha256:44f7daed251d96da4a26486fcc42142cf863d8ba760c6bfececd0f210de40414", size = 14772677, upload-time = "2026-09-10T14:54:26.666Z" },
    { url = "https://files.pythonhosted.org/packages/94/38/64356ad97f68fffcf01fe7545407ad18a2ea86c1ffae5b0950f7fac73638/sherpa_onnx_core-1.13.8-py3-none-win_amd64.whl", hash = "sha256:5579e80196d516e6dae23c8f629292ce3142ab8869925d32b94612fd86f93733", size = 16903581, upload-time = "2026-09-10T15:10:50.349Z" },
    { url = "https://files.pythonhosted.org/packages/e4/e0/236bde7b6b9909d2f7f4282b9e18f5fa8d64b841e63265b508a86c3687a8/sherpa_onnx_core-1.13.8-py3-none-win_arm64.whl", hash = "sha256:85e9b12e9e985d73ad9165a1122c396e2c9384256a4023cd7cf9c91bc8d32073", size = 16067491, upload-time = "2026-09-10T14:16:26.19Z" },
]

[[package]]
name = "soundfile"
version = "0.13.1"
source = { registry = "https://pypi.org/simple" }
dependencies = [
    { name = "cffi" },
    { name = "numpy" },
]
sdist = { url = "https://files.pythonhosted.org/packages/e1/41/9b873a8c055582859b239be17902a85339bec6a30ad162f98c9b0288a2cc/soundfile-0.13.1.tar.gz", hash = "sha256:b2c68dab1e30297317080a5b43df57e302584c49e2942defdde0acccc53f0e5b", size = 46156, upload-time = "2025-01-25T09:17:04.831Z" }
wheels = [
    { url = "https://files.pythonhosted.org/packages/64/28/e2a36573ccbcf3d57c00626a21fe51989380636e821b341d36ccca0c1c3a/soundfile-0.13.1-py2.py3-none-any.whl", hash = "sha256:a23c717560da2cf4c7b5ae1142514e0fd82d6bbd9dfc93a50423447142f2c445", size = 25751, upload-time = "2025-01-25T09:16:44.235Z" },
    { url = "https://files.pythonhosted.org/packages/ea/ab/73e97a5b3cc46bba7ff8650a1504348fa1863a6f9d57d7001c6b67c5f20e/soundfile-0.13.1-py2.py3-none-macosx_10_9_x86_64.whl", hash = "sha256:82dc664d19831933fe59adad199bf3945ad06d84bc111a5b4c0d3089a5b9ec33", size = 1142250, upload-time = "2025-01-25T09:16:47.583Z" },
    { url = "https://files.pythonhosted.org/packages/a0/e5/58fd1a8d7b26fc113af244f966ee3aecf03cb9293cb935daaddc1e455e18/soundfile-0.13.1-py2.py3-none-macosx_11_0_arm64.whl", hash = "sha256:743f12c12c4054921e15736c6be09ac26b3b3d603aef6fd69f9dde68748f2593", size = 1101406, upload-time = "2025-01-25T09:16:49.662Z" },
    { url = "https://files.pythonhosted.org/packages/58/ae/c0e4a53d77cf6e9a04179535766b3321b0b9ced5f70522e4caf9329f0046/soundfile-0.13.1-py2.py3-none-manylinux_2_28_aarch64.whl", hash = "sha256:9c9e855f5a4d06ce4213f31918653ab7de0c5a8d8107cd2427e44b42df547deb", size = 1235729, upload-time = "2025-01-25T09:16:53.018Z" },
    { url = "https://files.pythonhosted.org/packages/57/5e/70bdd9579b35003a489fc850b5047beeda26328053ebadc1fb60f320f7db/soundfile-0.13.1-py2.py3-none-manylinux_2_28_x86_64.whl", hash = "sha256:03267c4e493315294834a0870f31dbb3b28a95561b80b134f0bd3cf2d5f0e618", size = 1313646, upload-time = "2025-01-25T09:16:54.872Z" },
    { url = "https://files.pythonhosted.org/packages/fe/df/8c11dc4dfceda14e3003bb81a0d0edcaaf0796dd7b4f826ea3e532146bba/soundfile-0.13.1-py2.py3-none-win32.whl", hash = "sha256:c734564fab7c5ddf8e9be5bf70bab68042cd17e9c214c06e365e20d64f9a69d5", size = 899881, upload-time = "2025-01-25T09:16:56.663Z" },
    { url = "https://files.pythonhosted.org/packages/14/e9/6b761de83277f2f02ded7e7ea6f07828ec78e4b229b80e4ca55dd205b9dc/soundfile-0.13.1-py2.py3-none-win_amd64.whl", hash = "sha256:1e70a05a0626524a69e9f0f4dd2ec174b4e9567f4d8b6c11d38b5c289be36ee9", size = 1019162, upload-time = "2025-01-25T09:16:59.573Z" },
]
